
Microsoft Visual Studio Solution File, Format Version 12.00
# Visual Studio Version 17
VisualStudioVersion = 17.9.34723.18
MinimumVisualStudioVersion = 10.0.40219.1
Project("{9A19103F-16F7-4668-BE54-9A1E7A4F7556}") = "MNODotNetCore.ConsoleApp", "MNODotNetCore.ConsoleApp\MNODotNetCore.ConsoleApp.csproj", "{6BA2ED8D-211E-47D6-890F-41307A0B861A}"
EndProject
Project("{2150E333-8FDC-42A3-9474-1A3956D46DE8}") = "Document", "Document", "{02C97ADA-DF3D-4C1B-8328-EA932A1C0E1C}"
	ProjectSection(SolutionItems) = preProject
		README.md = README.md
	EndProjectSection
EndProject
Project("{9A19103F-16F7-4668-BE54-9A1E7A4F7556}") = "MNODotNETCORE.RestApi", "MNODotNETCORE.RestApi\MNODotNETCORE.RestApi.csproj", "{F2C93806-AF49-4449-A2AF-81FAC9E94D20}"
EndProject
Project("{9A19103F-16F7-4668-BE54-9A1E7A4F7556}") = "MNODotNetCore.shared", "MNODotNetCore.shared\MNODotNetCore.shared.csproj", "{8D6FCE6E-BA1A-4ADC-8A11-5BFB76569C17}"
EndProject
Project("{9A19103F-16F7-4668-BE54-9A1E7A4F7556}") = "MNODotNetCore.RestAPIwithNLayer", "MNODotNetCore.RestAPIwithNLayer\MNODotNetCore.RestAPIwithNLayer.csproj", "{15495F75-E994-426C-9644-DD0F3AEB2C41}"
EndProject
Project("{9A19103F-16F7-4668-BE54-9A1E7A4F7556}") = "MNODotNetCore.ConsoleAppHttpClient", "MNODotNetCore.ConsoleAppHttpClient\MNODotNetCore.ConsoleAppHttpClient.csproj", "{7C3943CC-A349-457B-BA15-B5DE3744B10C}"
EndProject
Project("{FAE04EC0-301F-11D3-BF4B-00C04F79EFBC}") = "MNODotNetCore.ConsoleAppRestClient", "MNODotNetCore.ConsoleAppRestClient\MNODotNetCore.ConsoleAppRestClient.csproj", "{8AB9AFFD-BB15-484C-8713-0E2FD967CBAE}"
EndProject
Global
	GlobalSection(SolutionConfigurationPlatforms) = preSolution
		Debug|Any CPU = Debug|Any CPU
		Release|Any CPU = Release|Any CPU
	EndGlobalSection
	GlobalSection(ProjectConfigurationPlatforms) = postSolution
		{6BA2ED8D-211E-47D6-890F-41307A0B861A}.Debug|Any CPU.ActiveCfg = Debug|Any CPU
		{6BA2ED8D-211E-47D6-890F-41307A0B861A}.Debug|Any CPU.Build.0 = Debug|Any CPU
		{6BA2ED8D-211E-47D6-890F-41307A0B861A}.Release|Any CPU.ActiveCfg = Release|Any CPU
		{6BA2ED8D-211E-47D6-890F-41307A0B861A}.Release|Any CPU.Build.0 = Release|Any CPU
		{F2C93806-AF49-4449-A2AF-81FAC9E94D20}.Debug|Any CPU.ActiveCfg = Debug|Any CPU
		{F2C93806-AF49-4449-A2AF-81FAC9E94D20}.Debug|Any CPU.Build.0 = Debug|Any CPU
		{F2C93806-AF49-4449-A2AF-81FAC9E94D20}.Release|Any CPU.ActiveCfg = Release|Any CPU
		{F2C93806-AF49-4449-A2AF-81FAC9E94D20}.Release|Any CPU.Build.0 = Release|Any CPU
		{8D6FCE6E-BA1A-4ADC-8A11-5BFB76569C17}.Debug|Any CPU.ActiveCfg = Debug|Any CPU
		{8D6FCE6E-BA1A-4ADC-8A11-5BFB76569C17}.Debug|Any CPU.Build.0 = Debug|Any CPU
		{8D6FCE6E-BA1A-4ADC-8A11-5BFB76569C17}.Release|Any CPU.ActiveCfg = Release|Any CPU
		{8D6FCE6E-BA1A-4ADC-8A11-5BFB76569C17}.Release|Any CPU.Build.0 = Release|Any CPU
		{15495F75-E994-426C-9644-DD0F3AEB2C41}.Debug|Any CPU.ActiveCfg = Debug|Any CPU
		{15495F75-E994-426C-9644-DD0F3AEB2C41}.Debug|Any CPU.Build.0 = Debug|Any CPU
		{15495F75-E994-426C-9644-DD0F3AEB2C41}.Release|Any CPU.ActiveCfg = Release|Any CPU
		{15495F75-E994-426C-9644-DD0F3AEB2C41}.Release|Any CPU.Build.0 = Release|Any CPU
		{7C3943CC-A349-457B-BA15-B5DE3744B10C}.Debug|Any CPU.ActiveCfg = Debug|Any CPU
		{7C3943CC-A349-457B-BA15-B5DE3744B10C}.Debug|Any CPU.Build.0 = Debug|Any CPU
		{7C3943CC-A349-457B-BA15-B5DE3744B10C}.Release|Any CPU.ActiveCfg = Release|Any CPU
		{7C3943CC-A349-457B-BA15-B5DE3744B10C}.Release|Any CPU.Build.0 = Release|Any CPU
		{8AB9AFFD-BB15-484C-8713-0E2FD967CBAE}.Debug|Any CPU.ActiveCfg = Debug|Any CPU
		{8AB9AFFD-BB15-484C-8713-0E2FD967CBAE}.Debug|Any CPU.Build.0 = Debug|Any CPU
		{8AB9AFFD-BB15-484C-8713-0E2FD967CBAE}.Release|Any CPU.ActiveCfg = Release|Any CPU
		{8AB9AFFD-BB15-484C-8713-0E2FD967CBAE}.Release|Any CPU.Build.0 = Release|Any CPU
	EndGlobalSection
	GlobalSection(SolutionProperties) = preSolution
		HideSolutionNode = FALSE
	EndGlobalSection
	GlobalSection(ExtensibilityGlobals) = postSolution
		SolutionGuid = {CCB16FE2-E926-4CBA-BBB0-6951A7EA4BCC}
	EndGlobalSection
EndGlobal
