
Microsoft Visual Studio Solution File, Format Version 12.00
# Visual Studio Version 17
VisualStudioVersion = 17.9.34723.18
MinimumVisualStudioVersion = 10.0.40219.1
Project("{9A19103F-16F7-4668-BE54-9A1E7A4F7556}") = "MNODotNetCore.ConsoleApp", "MNODotNetCore.ConsoleApp\MNODotNetCore.ConsoleApp.csproj", "{6BA2ED8D-211E-47D6-890F-41307A0B861A}"
EndProject
Project("{2150E333-8FDC-42A3-9474-1A3956D46DE8}") = "Document", "Document", "{02C97ADA-DF3D-4C1B-8328-EA932A1C0E1C}"
	ProjectSection(SolutionItems) = preProject
		README.md = README.md
	EndProjectSection
EndProject
Project("{9A19103F-16F7-4668-BE54-9A1E7A4F7556}") = "MNODotNetCore.RestApi", "MNODotNetCore.RestApi\MNODotNetCore.RestApi.csproj", "{F2C93806-AF49-4449-A2AF-81FAC9E94D20}"
EndProject
Project("{9A19103F-16F7-4668-BE54-9A1E7A4F7556}") = "MNODotNetCore.shared", "MNODotNetCore.shared\MNODotNetCore.shared.csproj", "{8D6FCE6E-BA1A-4ADC-8A11-5BFB76569C17}"
EndProject
Project("{9A19103F-16F7-4668-BE54-9A1E7A4F7556}") = "MNODotNetCore.RestAPIwithNLayer", "MNODotNetCore.RestAPIwithNLayer\MNODotNetCore.RestAPIwithNLayer.csproj", "{15495F75-E994-426C-9644-DD0F3AEB2C41}"
EndProject
Project("{9A19103F-16F7-4668-BE54-9A1E7A4F7556}") = "MNODotNetCore.ConsoleAppHttpClient", "MNODotNetCore.ConsoleAppHttpClient\MNODotNetCore.ConsoleAppHttpClient.csproj", "{7C3943CC-A349-457B-BA15-B5DE3744B10C}"
EndProject
Project("{9A19103F-16F7-4668-BE54-9A1E7A4F7556}") = "MNODotNetCore.ConsoleAppRestClient", "MNODotNetCore.ConsoleAppRestClient\MNODotNetCore.ConsoleAppRestClient.csproj", "{8AB9AFFD-BB15-484C-8713-0E2FD967CBAE}"
EndProject
Project("{9A19103F-16F7-4668-BE54-9A1E7A4F7556}") = "MNODotNetCore.PizzaApi", "MNODotNetCore.PizzaApi\MNODotNetCore.PizzaApi.csproj", "{C10AA769-6A1A-4137-8626-E9D84847C398}"
EndProject
Project("{9A19103F-16F7-4668-BE54-9A1E7A4F7556}") = "MNODotNetCore.ConsoleAppRefitExamples", "MNODotNetCore.ConsoleAppRefitExamples\MNODotNetCore.ConsoleAppRefitExamples.csproj", "{F88AF72D-57B5-4239-A28E-BFCBF836B6F0}"
EndProject
Project("{9A19103F-16F7-4668-BE54-9A1E7A4F7556}") = "MNODotNetCore.WinFormsApp", "MNODotNetCore.WinFormsApp\MNODotNetCore.WinFormsApp.csproj", "{45E71DB6-19CF-4474-875E-9824FBB9F76D}"
EndProject
Project("{9A19103F-16F7-4668-BE54-9A1E7A4F7556}") = "MNODotNetCore.WinFormsAppSQLInjection", "MNODotNetCore.WinFormsAppSQLInjection\MNODotNetCore.WinFormsAppSQLInjection.csproj", "{634060B5-D055-4CE5-9C0F-89B8D63940CD}"
EndProject
Project("{9A19103F-16F7-4668-BE54-9A1E7A4F7556}") = "MNODotNetCore.Nlayer.UI", "MNODotNetCore.Nlayer.UI\MNODotNetCore.Nlayer.UI.csproj", "{48C79354-9435-4303-90AC-980A8C940C2A}"
EndProject
Project("{9A19103F-16F7-4668-BE54-9A1E7A4F7556}") = "MNODotNetCore.NLayer.BusinessLogic", "MNODotNetCore.NLayer.BusinessLogic\MNODotNetCore.NLayer.BusinessLogic.csproj", "{D2099898-D8A8-4B34-BB90-EA33AB173E76}"
EndProject
Project("{9A19103F-16F7-4668-BE54-9A1E7A4F7556}") = "MNODotNetCore.NLayer.DataAccess", "MNODotNetCore.NLayer.DataAccess\MNODotNetCore.NLayer.DataAccess.csproj", "{741942ED-0CF3-4778-A209-178076B9BC5C}"
EndProject
Project("{9A19103F-16F7-4668-BE54-9A1E7A4F7556}") = "MNODotNetCore.MinimalAPI", "MNODotNetCore.MinimalAPI\MNODotNetCore.MinimalAPI.csproj", "{4A68307B-F6FA-4803-9348-09FCC75ADD53}"
EndProject
Project("{9A19103F-16F7-4668-BE54-9A1E7A4F7556}") = "MNODotNetCore.MVCApp", "MNODotNetCore.MVCApp\MNODotNetCore.MVCApp.csproj", "{BECD5DEE-5F56-4F32-AF7D-9D6532216104}"
EndProject
Project("{9A19103F-16F7-4668-BE54-9A1E7A4F7556}") = "MNODotNetCore.MvcApp2", "MNODotNetCore.MvcApp2\MNODotNetCore.MvcApp2.csproj", "{574E06DE-D01F-44FD-9F23-7D3F2732BF10}"
EndProject
Project("{9A19103F-16F7-4668-BE54-9A1E7A4F7556}") = "MNODotNetCore.MvcChartApp", "MNODotNetCore.MvcChartApp\MNODotNetCore.MvcChartApp.csproj", "{C04CFCE2-FFA2-4167-9CC8-5591DB242EA1}"
EndProject
Project("{9A19103F-16F7-4668-BE54-9A1E7A4F7556}") = "MNODotNetCore.ConsoleAppLogging", "MNODotNetCore.ConsoleAppLogging\MNODotNetCore.ConsoleAppLogging.csproj", "{42B3FFCC-3D86-4741-A9F2-B4C74F703AA4}"
EndProject
Project("{FAE04EC0-301F-11D3-BF4B-00C04F79EFBC}") = "MNODotNetCore.RealtimeChatApp", "MNODotNetCore.RealtimeChartApp\MNODotNetCore.RealtimeChatApp.csproj", "{3A53C72B-6B8A-442C-85D7-17ADB10E5211}"
EndProject
Global
	GlobalSection(SolutionConfigurationPlatforms) = preSolution
		Debug|Any CPU = Debug|Any CPU
		Release|Any CPU = Release|Any CPU
	EndGlobalSection
	GlobalSection(ProjectConfigurationPlatforms) = postSolution
		{6BA2ED8D-211E-47D6-890F-41307A0B861A}.Debug|Any CPU.ActiveCfg = Debug|Any CPU
		{6BA2ED8D-211E-47D6-890F-41307A0B861A}.Debug|Any CPU.Build.0 = Debug|Any CPU
		{6BA2ED8D-211E-47D6-890F-41307A0B861A}.Release|Any CPU.ActiveCfg = Release|Any CPU
		{6BA2ED8D-211E-47D6-890F-41307A0B861A}.Release|Any CPU.Build.0 = Release|Any CPU
		{F2C93806-AF49-4449-A2AF-81FAC9E94D20}.Debug|Any CPU.ActiveCfg = Debug|Any CPU
		{F2C93806-AF49-4449-A2AF-81FAC9E94D20}.Debug|Any CPU.Build.0 = Debug|Any CPU
		{F2C93806-AF49-4449-A2AF-81FAC9E94D20}.Release|Any CPU.ActiveCfg = Release|Any CPU
		{F2C93806-AF49-4449-A2AF-81FAC9E94D20}.Release|Any CPU.Build.0 = Release|Any CPU
		{8D6FCE6E-BA1A-4ADC-8A11-5BFB76569C17}.Debug|Any CPU.ActiveCfg = Debug|Any CPU
		{8D6FCE6E-BA1A-4ADC-8A11-5BFB76569C17}.Debug|Any CPU.Build.0 = Debug|Any CPU
		{8D6FCE6E-BA1A-4ADC-8A11-5BFB76569C17}.Release|Any CPU.ActiveCfg = Release|Any CPU
		{8D6FCE6E-BA1A-4ADC-8A11-5BFB76569C17}.Release|Any CPU.Build.0 = Release|Any CPU
		{15495F75-E994-426C-9644-DD0F3AEB2C41}.Debug|Any CPU.ActiveCfg = Debug|Any CPU
		{15495F75-E994-426C-9644-DD0F3AEB2C41}.Debug|Any CPU.Build.0 = Debug|Any CPU
		{15495F75-E994-426C-9644-DD0F3AEB2C41}.Release|Any CPU.ActiveCfg = Release|Any CPU
		{15495F75-E994-426C-9644-DD0F3AEB2C41}.Release|Any CPU.Build.0 = Release|Any CPU
		{7C3943CC-A349-457B-BA15-B5DE3744B10C}.Debug|Any CPU.ActiveCfg = Debug|Any CPU
		{7C3943CC-A349-457B-BA15-B5DE3744B10C}.Debug|Any CPU.Build.0 = Debug|Any CPU
		{7C3943CC-A349-457B-BA15-B5DE3744B10C}.Release|Any CPU.ActiveCfg = Release|Any CPU
		{7C3943CC-A349-457B-BA15-B5DE3744B10C}.Release|Any CPU.Build.0 = Release|Any CPU
		{8AB9AFFD-BB15-484C-8713-0E2FD967CBAE}.Debug|Any CPU.ActiveCfg = Debug|Any CPU
		{8AB9AFFD-BB15-484C-8713-0E2FD967CBAE}.Debug|Any CPU.Build.0 = Debug|Any CPU
		{8AB9AFFD-BB15-484C-8713-0E2FD967CBAE}.Release|Any CPU.ActiveCfg = Release|Any CPU
		{8AB9AFFD-BB15-484C-8713-0E2FD967CBAE}.Release|Any CPU.Build.0 = Release|Any CPU
		{C10AA769-6A1A-4137-8626-E9D84847C398}.Debug|Any CPU.ActiveCfg = Debug|Any CPU
		{C10AA769-6A1A-4137-8626-E9D84847C398}.Debug|Any CPU.Build.0 = Debug|Any CPU
		{C10AA769-6A1A-4137-8626-E9D84847C398}.Release|Any CPU.ActiveCfg = Release|Any CPU
		{C10AA769-6A1A-4137-8626-E9D84847C398}.Release|Any CPU.Build.0 = Release|Any CPU
		{F88AF72D-57B5-4239-A28E-BFCBF836B6F0}.Debug|Any CPU.ActiveCfg = Debug|Any CPU
		{F88AF72D-57B5-4239-A28E-BFCBF836B6F0}.Debug|Any CPU.Build.0 = Debug|Any CPU
		{F88AF72D-57B5-4239-A28E-BFCBF836B6F0}.Release|Any CPU.ActiveCfg = Release|Any CPU
		{F88AF72D-57B5-4239-A28E-BFCBF836B6F0}.Release|Any CPU.Build.0 = Release|Any CPU
		{45E71DB6-19CF-4474-875E-9824FBB9F76D}.Debug|Any CPU.ActiveCfg = Debug|Any CPU
		{45E71DB6-19CF-4474-875E-9824FBB9F76D}.Debug|Any CPU.Build.0 = Debug|Any CPU
		{45E71DB6-19CF-4474-875E-9824FBB9F76D}.Release|Any CPU.ActiveCfg = Release|Any CPU
		{45E71DB6-19CF-4474-875E-9824FBB9F76D}.Release|Any CPU.Build.0 = Release|Any CPU
		{634060B5-D055-4CE5-9C0F-89B8D63940CD}.Debug|Any CPU.ActiveCfg = Debug|Any CPU
		{634060B5-D055-4CE5-9C0F-89B8D63940CD}.Debug|Any CPU.Build.0 = Debug|Any CPU
		{634060B5-D055-4CE5-9C0F-89B8D63940CD}.Release|Any CPU.ActiveCfg = Release|Any CPU
		{634060B5-D055-4CE5-9C0F-89B8D63940CD}.Release|Any CPU.Build.0 = Release|Any CPU
		{48C79354-9435-4303-90AC-980A8C940C2A}.Debug|Any CPU.ActiveCfg = Debug|Any CPU
		{48C79354-9435-4303-90AC-980A8C940C2A}.Debug|Any CPU.Build.0 = Debug|Any CPU
		{48C79354-9435-4303-90AC-980A8C940C2A}.Release|Any CPU.ActiveCfg = Release|Any CPU
		{48C79354-9435-4303-90AC-980A8C940C2A}.Release|Any CPU.Build.0 = Release|Any CPU
		{D2099898-D8A8-4B34-BB90-EA33AB173E76}.Debug|Any CPU.ActiveCfg = Debug|Any CPU
		{D2099898-D8A8-4B34-BB90-EA33AB173E76}.Debug|Any CPU.Build.0 = Debug|Any CPU
		{D2099898-D8A8-4B34-BB90-EA33AB173E76}.Release|Any CPU.ActiveCfg = Release|Any CPU
		{D2099898-D8A8-4B34-BB90-EA33AB173E76}.Release|Any CPU.Build.0 = Release|Any CPU
		{741942ED-0CF3-4778-A209-178076B9BC5C}.Debug|Any CPU.ActiveCfg = Debug|Any CPU
		{741942ED-0CF3-4778-A209-178076B9BC5C}.Debug|Any CPU.Build.0 = Debug|Any CPU
		{741942ED-0CF3-4778-A209-178076B9BC5C}.Release|Any CPU.ActiveCfg = Release|Any CPU
		{741942ED-0CF3-4778-A209-178076B9BC5C}.Release|Any CPU.Build.0 = Release|Any CPU
		{4A68307B-F6FA-4803-9348-09FCC75ADD53}.Debug|Any CPU.ActiveCfg = Debug|Any CPU
		{4A68307B-F6FA-4803-9348-09FCC75ADD53}.Debug|Any CPU.Build.0 = Debug|Any CPU
		{4A68307B-F6FA-4803-9348-09FCC75ADD53}.Release|Any CPU.ActiveCfg = Release|Any CPU
		{4A68307B-F6FA-4803-9348-09FCC75ADD53}.Release|Any CPU.Build.0 = Release|Any CPU
		{BECD5DEE-5F56-4F32-AF7D-9D6532216104}.Debug|Any CPU.ActiveCfg = Debug|Any CPU
		{BECD5DEE-5F56-4F32-AF7D-9D6532216104}.Debug|Any CPU.Build.0 = Debug|Any CPU
		{BECD5DEE-5F56-4F32-AF7D-9D6532216104}.Release|Any CPU.ActiveCfg = Release|Any CPU
		{BECD5DEE-5F56-4F32-AF7D-9D6532216104}.Release|Any CPU.Build.0 = Release|Any CPU
		{574E06DE-D01F-44FD-9F23-7D3F2732BF10}.Debug|Any CPU.ActiveCfg = Debug|Any CPU
		{574E06DE-D01F-44FD-9F23-7D3F2732BF10}.Debug|Any CPU.Build.0 = Debug|Any CPU
		{574E06DE-D01F-44FD-9F23-7D3F2732BF10}.Release|Any CPU.ActiveCfg = Release|Any CPU
		{574E06DE-D01F-44FD-9F23-7D3F2732BF10}.Release|Any CPU.Build.0 = Release|Any CPU
		{C04CFCE2-FFA2-4167-9CC8-5591DB242EA1}.Debug|Any CPU.ActiveCfg = Debug|Any CPU
		{C04CFCE2-FFA2-4167-9CC8-5591DB242EA1}.Debug|Any CPU.Build.0 = Debug|Any CPU
		{C04CFCE2-FFA2-4167-9CC8-5591DB242EA1}.Release|Any CPU.ActiveCfg = Release|Any CPU
		{C04CFCE2-FFA2-4167-9CC8-5591DB242EA1}.Release|Any CPU.Build.0 = Release|Any CPU
		{42B3FFCC-3D86-4741-A9F2-B4C74F703AA4}.Debug|Any CPU.ActiveCfg = Debug|Any CPU
		{42B3FFCC-3D86-4741-A9F2-B4C74F703AA4}.Debug|Any CPU.Build.0 = Debug|Any CPU
		{42B3FFCC-3D86-4741-A9F2-B4C74F703AA4}.Release|Any CPU.ActiveCfg = Release|Any CPU
		{42B3FFCC-3D86-4741-A9F2-B4C74F703AA4}.Release|Any CPU.Build.0 = Release|Any CPU
		{3A53C72B-6B8A-442C-85D7-17ADB10E5211}.Debug|Any CPU.ActiveCfg = Debug|Any CPU
		{3A53C72B-6B8A-442C-85D7-17ADB10E5211}.Debug|Any CPU.Build.0 = Debug|Any CPU
		{3A53C72B-6B8A-442C-85D7-17ADB10E5211}.Release|Any CPU.ActiveCfg = Release|Any CPU
		{3A53C72B-6B8A-442C-85D7-17ADB10E5211}.Release|Any CPU.Build.0 = Release|Any CPU
	EndGlobalSection
	GlobalSection(SolutionProperties) = preSolution
		HideSolutionNode = FALSE
	EndGlobalSection
	GlobalSection(ExtensibilityGlobals) = postSolution
		SolutionGuid = {CCB16FE2-E926-4CBA-BBB0-6951A7EA4BCC}
	EndGlobalSection
EndGlobal
